
Microsoft Visual Studio Solution File, Format Version 12.00
# Visual Studio Version 16
VisualStudioVersion = 16.0.32602.291
MinimumVisualStudioVersion = 10.0.40219.1
Project("{9A19103F-16F7-4668-BE54-9A1E7A4F7556}") = "GmailOAuthBlazorDemo.Module", "GmailOAuthBlazorDemo.Module\GmailOAuthBlazorDemo.Module.csproj", "{068F0DD3-57AE-4D79-91E5-F28822A172A5}"
EndProject
Project("{9A19103F-16F7-4668-BE54-9A1E7A4F7556}") = "GmailOAuthBlazorDemo.Module.Blazor", "GmailOAuthBlazorDemo.Module.Blazor\GmailOAuthBlazorDemo.Module.Blazor.csproj", "{C31AE5FB-8A5F-4BEE-9435-9CDBC77D3202}"
EndProject
Project("{9A19103F-16F7-4668-BE54-9A1E7A4F7556}") = "GmailOAuthBlazorDemo.Blazor.Server", "GmailOAuthBlazorDemo.Blazor.Server\GmailOAuthBlazorDemo.Blazor.Server.csproj", "{84B190DD-6884-40D4-802F-424389F2394C}"
EndProject
Global
	GlobalSection(SolutionConfigurationPlatforms) = preSolution
		Debug|Any CPU = Debug|Any CPU
		EasyTest|Any CPU = EasyTest|Any CPU
		Release|Any CPU = Release|Any CPU
	EndGlobalSection
	GlobalSection(ProjectConfigurationPlatforms) = postSolution
		{068F0DD3-57AE-4D79-91E5-F28822A172A5}.Debug|Any CPU.ActiveCfg = Debug|Any CPU
		{068F0DD3-57AE-4D79-91E5-F28822A172A5}.Debug|Any CPU.Build.0 = Debug|Any CPU
		{068F0DD3-57AE-4D79-91E5-F28822A172A5}.EasyTest|Any CPU.ActiveCfg = EasyTest|Any CPU
		{068F0DD3-57AE-4D79-91E5-F28822A172A5}.EasyTest|Any CPU.Build.0 = EasyTest|Any CPU
		{068F0DD3-57AE-4D79-91E5-F28822A172A5}.Release|Any CPU.ActiveCfg = Release|Any CPU
		{068F0DD3-57AE-4D79-91E5-F28822A172A5}.Release|Any CPU.Build.0 = Release|Any CPU
		{C31AE5FB-8A5F-4BEE-9435-9CDBC77D3202}.Debug|Any CPU.ActiveCfg = Debug|Any CPU
		{C31AE5FB-8A5F-4BEE-9435-9CDBC77D3202}.Debug|Any CPU.Build.0 = Debug|Any CPU
		{C31AE5FB-8A5F-4BEE-9435-9CDBC77D3202}.EasyTest|Any CPU.ActiveCfg = EasyTest|Any CPU
		{C31AE5FB-8A5F-4BEE-9435-9CDBC77D3202}.EasyTest|Any CPU.Build.0 = EasyTest|Any CPU
		{C31AE5FB-8A5F-4BEE-9435-9CDBC77D3202}.Release|Any CPU.ActiveCfg = Release|Any CPU
		{C31AE5FB-8A5F-4BEE-9435-9CDBC77D3202}.Release|Any CPU.Build.0 = Release|Any CPU
		{84B190DD-6884-40D4-802F-424389F2394C}.Debug|Any CPU.ActiveCfg = Debug|Any CPU
		{84B190DD-6884-40D4-802F-424389F2394C}.Debug|Any CPU.Build.0 = Debug|Any CPU
		{84B190DD-6884-40D4-802F-424389F2394C}.EasyTest|Any CPU.ActiveCfg = EasyTest|Any CPU
		{84B190DD-6884-40D4-802F-424389F2394C}.EasyTest|Any CPU.Build.0 = EasyTest|Any CPU
		{84B190DD-6884-40D4-802F-424389F2394C}.Release|Any CPU.ActiveCfg = Release|Any CPU
		{84B190DD-6884-40D4-802F-424389F2394C}.Release|Any CPU.Build.0 = Release|Any CPU
	EndGlobalSection
	GlobalSection(SolutionProperties) = preSolution
		HideSolutionNode = FALSE
	EndGlobalSection
	GlobalSection(ExtensibilityGlobals) = postSolution
		SolutionGuid = {EACF456E-A1A3-4F72-B0BA-88F2E13BE653}
	EndGlobalSection
EndGlobal
